
Microsoft Visual Studio Solution File, Format Version 12.00
# Visual Studio Version 17
VisualStudioVersion = 17.9.34728.123
MinimumVisualStudioVersion = 10.0.40219.1
Project("{FAE04EC0-301F-11D3-BF4B-00C04F79EFBC}") = "Algoritmus_1_Projekt1", "Algoritmus_1_Projekt1.csproj", "{F1DE846C-499A-480D-B6F5-0B7675946C69}"
EndProject
Global
	GlobalSection(SolutionConfigurationPlatforms) = preSolution
		Debug|Any CPU = Debug|Any CPU
		Release|Any CPU = Release|Any CPU
	EndGlobalSection
	GlobalSection(ProjectConfigurationPlatforms) = postSolution
		{F1DE846C-499A-480D-B6F5-0B7675946C69}.Debug|Any CPU.ActiveCfg = Debug|Any CPU
		{F1DE846C-499A-480D-B6F5-0B7675946C69}.Debug|Any CPU.Build.0 = Debug|Any CPU
		{F1DE846C-499A-480D-B6F5-0B7675946C69}.Release|Any CPU.ActiveCfg = Release|Any CPU
		{F1DE846C-499A-480D-B6F5-0B7675946C69}.Release|Any CPU.Build.0 = Release|Any CPU
	EndGlobalSection
	GlobalSection(SolutionProperties) = preSolution
		HideSolutionNode = FALSE
	EndGlobalSection
	GlobalSection(ExtensibilityGlobals) = postSolution
		SolutionGuid = {84DF5C0A-158F-46E8-9174-DD2C9E410244}
	EndGlobalSection
EndGlobal
